name: Refresh release lockfile
on:
  push:
    branches: [codex/refresh-readme-rust]
    paths: [.github/workflows/refresh-lock.yaml]
permissions:
  contents: read
jobs:
  refresh:
    runs-on: ubuntu-latest
    steps:
      - uses: actions/checkout@11d5960a326750d5838078e36cf38b85af677262
        with:
          persist-credentials: false
      - run: cargo update
      - uses: actions/upload-artifact@ea165f8d65b6e75b540449e92b4886f43607fa02
        with:
          name: updated-lockfile
          path: Cargo.lock
